<?xml version="1.0" encoding="utf-8"?>
<Project ToolsVersion="4.0" xmlns="http://schemas.microsoft.com/developer/msbuild/2003">
  <ItemGroup>
    <Filter Include="Source Files">
      <UniqueIdentifier>{4FC737F1-C7A5-4376-A066-2A32D752A2FF}</UniqueIdentifier>
      <Extensions>cpp;c;cc;cxx;c++;cppm;ixx;def;odl;idl;hpj;bat;asm;asmx</Extensions>
    </Filter>
    <Filter Include="Header Files">
      <UniqueIdentifier>{93995380-89BD-4b04-88EB-625FBE52EBFB}</UniqueIdentifier>
      <Extensions>h;hh;hpp;hxx;h++;hm;inl;inc;ipp;xsd</Extensions>
    </Filter>
    <Filter Include="Resource Files">
      <UniqueIdentifier>{67DA6AB6-F800-4c08-8B7A-83BB121AAD01}</UniqueIdentifier>
      <Extensions>rc;ico;cur;bmp;dlg;rc2;rct;bin;rgs;gif;jpg;jpeg;jpe;resx;tiff;tif;png;wav;mfcribbon-ms</Extensions>
    </Filter>
    <Filter Include="Source Files\Utils">
      <UniqueIdentifier>{0a4c64a2-99d8-4622-a2e7-1237e26ed8b2}</UniqueIdentifier>
    </Filter>
    <Filter Include="Source Files\Main">
      <UniqueIdentifier>{c253b275-6579-452d-8320-96011ed1a0f6}</UniqueIdentifier>
    </Filter>
    <Filter Include="Source Files\Entity">
      <UniqueIdentifier>{0f90a5a1-a7ba-4d92-97d7-dca506a120fd}</UniqueIdentifier>
    </Filter>
    <Filter Include="Source Files\State">
      <UniqueIdentifier>{35c55e40-14a8-4316-9051-778bf0c1d8e3}</UniqueIdentifier>
    </Filter>
    <Filter Include="Source Files\Map">
      <UniqueIdentifier>{7869b3e1-f87b-4f03-9e32-7ece3427a386}</UniqueIdentifier>
    </Filter>
    <Filter Include="Source Files\Chat">
      <UniqueIdentifier>{39ad1504-977c-4f31-8454-55388c425904}</UniqueIdentifier>
    </Filter>
  </ItemGroup>
  <ItemGroup>
    <ClCompile Include="Animation.cpp">
      <Filter>Source Files\Utils</Filter>
    </ClCompile>
    <ClCompile Include="main.cpp">
      <Filter>Source Files\Main</Filter>
    </ClCompile>
    <ClCompile Include="Game.cpp">
      <Filter>Source Files\Main</Filter>
    </ClCompile>
    <ClCompile Include="Player.cpp">
      <Filter>Source Files\Entity</Filter>
    </ClCompile>
    <ClCompile Include="Entity.cpp">
      <Filter>Source Files\Entity</Filter>
    </ClCompile>
    <ClCompile Include="Hitbox.cpp">
      <Filter>Source Files\Utils</Filter>
    </ClCompile>
    <ClCompile Include="Movement.cpp">
      <Filter>Source Files\Utils</Filter>
    </ClCompile>
    <ClCompile Include="GameStateBase.h">
      <Filter>Source Files\Utils</Filter>
    </ClCompile>
    <ClCompile Include="GameStateMachine.h">
      <Filter>Source Files\Utils</Filter>
    </ClCompile>
    <ClCompile Include="GameStateMachine.cpp">
      <Filter>Source Files\Utils</Filter>
    </ClCompile>
    <ClCompile Include="GameStateBase.cpp">
      <Filter>Source Files\Utils</Filter>
    </ClCompile>
    <ClCompile Include="WindowConnector.cpp">
      <Filter>Source Files\Utils</Filter>
    </ClCompile>
    <ClCompile Include="GSIntro.cpp">
      <Filter>Source Files\State</Filter>
    </ClCompile>
    <ClCompile Include="ResourceManager.cpp">
      <Filter>Source Files\Utils</Filter>
    </ClCompile>
    <ClCompile Include="GSMenu.h">
      <Filter>Source Files\State</Filter>
    </ClCompile>
    <ClCompile Include="GameButton.cpp">
      <Filter>Source Files\Entity</Filter>
    </ClCompile>
    <ClCompile Include="GSMenu.cpp">
      <Filter>Source Files\State</Filter>
    </ClCompile>
    <ClCompile Include="GSAbout.cpp">
      <Filter>Source Files\State</Filter>
    </ClCompile>
    <ClCompile Include="GSPlay.cpp">
      <Filter>Source Files\State</Filter>
    </ClCompile>
    <ClCompile Include="GSStory.cpp">
      <Filter>Source Files\State</Filter>
    </ClCompile>
    <ClCompile Include="GSStory.h">
      <Filter>Source Files\State</Filter>
    </ClCompile>
    <ClCompile Include="Map.cpp">
      <Filter>Source Files\Map</Filter>
    </ClCompile>
    <ClCompile Include="Tile.cpp">
      <Filter>Source Files\Map</Filter>
    </ClCompile>
    <ClCompile Include="MapConnector.cpp">
      <Filter>Source Files\Map</Filter>
    </ClCompile>
    <ClCompile Include="Quiz.cpp">
      <Filter>Source Files\Chat</Filter>
    </ClCompile>
    <ClCompile Include="GSQuiz.cpp">
      <Filter>Source Files\State</Filter>
    </ClCompile>
    <ClCompile Include="GSEnd.cpp">
      <Filter>Source Files\State</Filter>
    </ClCompile>
  </ItemGroup>
  <ItemGroup>
    <ClInclude Include="resource.h">
      <Filter>Header Files</Filter>
    </ClInclude>
    <ClInclude Include="IncludeHeader.h">
      <Filter>Header Files</Filter>
    </ClInclude>
    <ClInclude Include="Game.h">
      <Filter>Source Files\Main</Filter>
    </ClInclude>
    <ClInclude Include="Player.h">
      <Filter>Source Files\Entity</Filter>
    </ClInclude>
    <ClInclude Include="Entity.h">
      <Filter>Source Files\Entity</Filter>
    </ClInclude>
    <ClInclude Include="Animation.h">
      <Filter>Source Files\Utils</Filter>
    </ClInclude>
    <ClInclude Include="Hitbox.h">
      <Filter>Source Files\Utils</Filter>
    </ClInclude>
    <ClInclude Include="Movement.h">
      <Filter>Source Files\Utils</Filter>
    </ClInclude>
    <ClInclude Include="Singleton.h">
      <Filter>Source Files\Utils</Filter>
    </ClInclude>
    <ClInclude Include="WindowConnector.h">
      <Filter>Source Files\Utils</Filter>
    </ClInclude>
    <ClInclude Include="GSIntro.h">
      <Filter>Source Files\State</Filter>
    </ClInclude>
    <ClInclude Include="ResourceManager.h">
      <Filter>Source Files\Utils</Filter>
    </ClInclude>
    <ClInclude Include="GameButton.h">
      <Filter>Source Files\Entity</Filter>
    </ClInclude>
    <ClInclude Include="GSAbout.h">
      <Filter>Source Files\State</Filter>
    </ClInclude>
    <ClInclude Include="GSPlay.h">
      <Filter>Source Files\State</Filter>
    </ClInclude>
    <ClInclude Include="Map.h">
      <Filter>Source Files\Map</Filter>
    </ClInclude>
    <ClInclude Include="Tile.h">
      <Filter>Source Files\Map</Filter>
    </ClInclude>
    <ClInclude Include="MapConnector.h">
      <Filter>Source Files\Map</Filter>
    </ClInclude>
    <ClInclude Include="Quiz.h">
      <Filter>Source Files\Chat</Filter>
    </ClInclude>
    <ClInclude Include="DialogSystem.h">
      <Filter>Source Files\Chat</Filter>
    </ClInclude>
    <ClInclude Include="GSQuiz.h">
      <Filter>Source Files\State</Filter>
    </ClInclude>
    <ClInclude Include="GSEnd.h">
      <Filter>Source Files\State</Filter>
    </ClInclude>
  </ItemGroup>
  <ItemGroup>
    <ResourceCompile Include="PTIT_Simulator.rc">
      <Filter>Resource Files</Filter>
    </ResourceCompile>
  </ItemGroup>
</Project>